{
  "name": "make-pwa",
  "version": "0.1.0",
  "lockfileVersion": 3,
  "requires": true,
  "packages": {
    "": {
      "name": "make-pwa",
      "version": "0.1.0",
      "license": "MIT",
      "workspaces": [
        "packages/*"
      ],
      "bin": {
        "make-pwa": "packages/pwa/dist/cli.js"
      }
    },
    "node_modules/@misrab/pwa": {
      "resolved": "packages/pwa",
      "link": true
    },
    "node_modules/@misrab/ws-rpc": {
      "resolved": "packages/ws-rpc",
      "link": true
    },
    "node_modules/@resvg/resvg-js": {
      "version": "2.6.2",
      "license": "MPL-2.0",
      "engines": {
        "node": ">= 10"
      },
      "optionalDependencies": {
        "@resvg/resvg-js-android-arm-eabi": "2.6.2",
        "@resvg/resvg-js-android-arm64": "2.6.2",
        "@resvg/resvg-js-darwin-arm64": "2.6.2",
        "@resvg/resvg-js-darwin-x64": "2.6.2",
        "@resvg/resvg-js-linux-arm-gnueabihf": "2.6.2",
        "@resvg/resvg-js-linux-arm64-gnu": "2.6.2",
        "@resvg/resvg-js-linux-arm64-musl": "2.6.2",
        "@resvg/resvg-js-linux-x64-gnu": "2.6.2",
        "@resvg/resvg-js-linux-x64-musl": "2.6.2",
        "@resvg/resvg-js-win32-arm64-msvc": "2.6.2",
        "@resvg/resvg-js-win32-ia32-msvc": "2.6.2",
        "@resvg/resvg-js-win32-x64-msvc": "2.6.2"
      }
    },
    "node_modules/@resvg/resvg-js-darwin-arm64": {
      "version": "2.6.2",
      "cpu": [
        "arm64"
      ],
      "license": "MPL-2.0",
      "optional": true,
      "os": [
        "darwin"
      ],
      "engines": {
        "node": ">= 10"
      }
    },
    "node_modules/@types/node": {
      "version": "22.20.0",
      "dev": true,
      "license": "MIT",
      "dependencies": {
        "undici-types": "~6.21.0"
      }
    },
    "node_modules/@types/react": {
      "version": "19.2.17",
      "dev": true,
      "license": "MIT",
      "dependencies": {
        "csstype": "^3.2.2"
      }
    },
    "node_modules/csstype": {
      "version": "3.2.3",
      "dev": true,
      "license": "MIT"
    },
    "node_modules/react": {
      "version": "19.2.7",
      "license": "MIT",
      "peer": true,
      "engines": {
        "node": ">=0.10.0"
      }
    },
    "node_modules/typescript": {
      "version": "5.9.3",
      "dev": true,
      "license": "Apache-2.0",
      "bin": {
        "tsc": "bin/tsc",
        "tsserver": "bin/tsserver"
      },
      "engines": {
        "node": ">=14.17"
      }
    },
    "node_modules/undici-types": {
      "version": "6.21.0",
      "dev": true,
      "license": "MIT"
    },
    "packages/pwa": {
      "name": "@misrab/pwa",
      "version": "0.1.0",
      "license": "MIT",
      "dependencies": {
        "@resvg/resvg-js": "^2.6.2"
      },
      "bin": {
        "make-pwa": "dist/cli.js"
      },
      "devDependencies": {
        "@types/node": "^22.0.0",
        "@types/react": "^19.0.0",
        "typescript": "^5.7.2"
      },
      "peerDependencies": {
        "react": ">=18"
      }
    },
    "packages/ws-rpc": {
      "name": "@misrab/ws-rpc",
      "version": "0.1.0",
      "license": "MIT",
      "devDependencies": {
        "@types/react": "^19.0.0",
        "typescript": "^5.7.2"
      },
      "peerDependencies": {
        "react": ">=18"
      }
    }
  }
}
